// !$*UTF8*$!
{
	archiveVersion = 1;
	classes = {
	};
	objectVersion = 50;
	objects = {

/* Begin PBXBuildFile section */
		D1342924209AAC880000D88C /* HQBaseViewController.swift in Sources */ = {isa = PBXBuildFile; fileRef = D1342923209AAC880000D88C /* HQBaseViewController.swift */; };
		D1342926209AAC9F0000D88C /* HQTabBarController.swift in Sources */ = {isa = PBXBuildFile; fileRef = D1342925209AAC9F0000D88C /* HQTabBarController.swift */; };
		D1342942209AB1E10000D88C /* HQBaseModel.swift in Sources */ = {isa = PBXBuildFile; fileRef = D1342941209AB1E10000D88C /* HQBaseModel.swift */; };
		D1342944209AB1EC0000D88C /* HQBaseViewModel.swift in Sources */ = {isa = PBXBuildFile; fileRef = D1342943209AB1EC0000D88C /* HQBaseViewModel.swift */; };
		D1342946209AB2130000D88C /* HQMainVC.swift in Sources */ = {isa = PBXBuildFile; fileRef = D1342945209AB2130000D88C /* HQMainVC.swift */; };
		D1342948209AB2590000D88C /* HQClassInfoVC.swift in Sources */ = {isa = PBXBuildFile; fileRef = D1342947209AB2590000D88C /* HQClassInfoVC.swift */; };
		D134294A209AB2720000D88C /* HQCommunityVC.swift in Sources */ = {isa = PBXBuildFile; fileRef = D1342949209AB2720000D88C /* HQCommunityVC.swift */; };
		D134294C209AB2840000D88C /* HQGeneralizeVC.swift in Sources */ = {isa = PBXBuildFile; fileRef = D134294B209AB2840000D88C /* HQGeneralizeVC.swift */; };
		D134294E209AB2920000D88C /* HQMineVC.swift in Sources */ = {isa = PBXBuildFile; fileRef = D134294D209AB2920000D88C /* HQMineVC.swift */; };
		D1342950209AB2E70000D88C /* HQNavigationController.swift in Sources */ = {isa = PBXBuildFile; fileRef = D134294F209AB2E70000D88C /* HQNavigationController.swift */; };
		D1342952209AB73F0000D88C /* Alamofire.framework in Frameworks */ = {isa = PBXBuildFile; fileRef = D1342951209AB73F0000D88C /* Alamofire.framework */; };
		D1342954209AB73F0000D88C /* Masonry.framework in Frameworks */ = {isa = PBXBuildFile; fileRef = D1342953209AB73F0000D88C /* Masonry.framework */; };
		D1342956209AB73F0000D88C /* MBProgressHUD.framework in Frameworks */ = {isa = PBXBuildFile; fileRef = D1342955209AB73F0000D88C /* MBProgressHUD.framework */; };
		D1342958209AB73F0000D88C /* MJExtension.framework in Frameworks */ = {isa = PBXBuildFile; fileRef = D1342957209AB73F0000D88C /* MJExtension.framework */; };
		D134295A209AB73F0000D88C /* MJRefresh.framework in Frameworks */ = {isa = PBXBuildFile; fileRef = D1342959209AB73F0000D88C /* MJRefresh.framework */; };
		D134295C209AB73F0000D88C /* SDWebImage.framework in Frameworks */ = {isa = PBXBuildFile; fileRef = D134295B209AB73F0000D88C /* SDWebImage.framework */; };
		D1342963209ABBD70000D88C /* HQNetworkManager.swift in Sources */ = {isa = PBXBuildFile; fileRef = D1342962209ABBD70000D88C /* HQNetworkManager.swift */; };
		D15138422092EF49000EF957 /* AppDelegate.swift in Sources */ = {isa = PBXBuildFile; fileRef = D15138412092EF49000EF957 /* AppDelegate.swift */; };
		D15138492092EF4A000EF957 /* Assets.xcassets in Resources */ = {isa = PBXBuildFile; fileRef = D15138482092EF4A000EF957 /* Assets.xcassets */; };
		D151384C2092EF4A000EF957 /* LaunchScreen.storyboard in Resources */ = {isa = PBXBuildFile; fileRef = D151384A2092EF4A000EF957 /* LaunchScreen.storyboard */; };
		D15138552092FDC4000EF957 /* APIHeader.swift in Sources */ = {isa = PBXBuildFile; fileRef = D15138542092FDC4000EF957 /* APIHeader.swift */; };
		D151385B2093033E000EF957 /* CommenHeader.swift in Sources */ = {isa = PBXBuildFile; fileRef = D151385A2093033E000EF957 /* CommenHeader.swift */; };
		D151385F20930463000EF957 /* YYExtension.swift in Sources */ = {isa = PBXBuildFile; fileRef = D151385E20930463000EF957 /* YYExtension.swift */; };
		D1513861209307F7000EF957 /* EnumHeader.swift in Sources */ = {isa = PBXBuildFile; fileRef = D1513860209307F7000EF957 /* EnumHeader.swift */; };
		DC66E299489F9F164E9D6083 /* Pods_FXHDemo.framework in Frameworks */ = {isa = PBXBuildFile; fileRef = 16EEF9626DED3846554E8854 /* Pods_FXHDemo.framework */; };
/* End PBXBuildFile section */

/* Begin PBXFileReference section */
		16EEF9626DED3846554E8854 /* Pods_FXHDemo.framework */ = {isa = PBXFileReference; explicitFileType = wrapper.framework; includeInIndex = 0; path = Pods_FXHDemo.framework; sourceTree = BUILT_PRODUCTS_DIR; };
		51D52315C0CF28A254F20B68 /* Pods-FXHDemo.debug.xcconfig */ = {isa = PBXFileReference; includeInIndex = 1; lastKnownFileType = text.xcconfig; name = "Pods-FXHDemo.debug.xcconfig"; path = "Pods/Target Support Files/Pods-FXHDemo/Pods-FXHDemo.debug.xcconfig"; sourceTree = "<group>"; };
		574A666DBDB6DDF13CD1EDAA /* Pods-FXHDemo.release.xcconfig */ = {isa = PBXFileReference; includeInIndex = 1; lastKnownFileType = text.xcconfig; name = "Pods-FXHDemo.release.xcconfig"; path = "Pods/Target Support Files/Pods-FXHDemo/Pods-FXHDemo.release.xcconfig"; sourceTree = "<group>"; };
		D1342923209AAC880000D88C /* HQBaseViewController.swift */ = {isa = PBXFileReference; lastKnownFileType = sourcecode.swift; path = HQBaseViewController.swift; sourceTree = "<group>"; };
		D1342925209AAC9F0000D88C /* HQTabBarController.swift */ = {isa = PBXFileReference; lastKnownFileType = sourcecode.swift; path = HQTabBarController.swift; sourceTree = "<group>"; };
		D1342941209AB1E10000D88C /* HQBaseModel.swift */ = {isa = PBXFileReference; lastKnownFileType = sourcecode.swift; path = HQBaseModel.swift; sourceTree = "<group>"; };
		D1342943209AB1EC0000D88C /* HQBaseViewModel.swift */ = {isa = PBXFileReference; lastKnownFileType = sourcecode.swift; path = HQBaseViewModel.swift; sourceTree = "<group>"; };
		D1342945209AB2130000D88C /* HQMainVC.swift */ = {isa = PBXFileReference; lastKnownFileType = sourcecode.swift; path = HQMainVC.swift; sourceTree = "<group>"; };
		D1342947209AB2590000D88C /* HQClassInfoVC.swift */ = {isa = PBXFileReference; lastKnownFileType = sourcecode.swift; path = HQClassInfoVC.swift; sourceTree = "<group>"; };
		D1342949209AB2720000D88C /* HQCommunityVC.swift */ = {isa = PBXFileReference; lastKnownFileType = sourcecode.swift; path = HQCommunityVC.swift; sourceTree = "<group>"; };
		D134294B209AB2840000D88C /* HQGeneralizeVC.swift */ = {isa = PBXFileReference; lastKnownFileType = sourcecode.swift; path = HQGeneralizeVC.swift; sourceTree = "<group>"; };
		D134294D209AB2920000D88C /* HQMineVC.swift */ = {isa = PBXFileReference; lastKnownFileType = sourcecode.swift; path = HQMineVC.swift; sourceTree = "<group>"; };
		D134294F209AB2E70000D88C /* HQNavigationController.swift */ = {isa = PBXFileReference; lastKnownFileType = sourcecode.swift; path = HQNavigationController.swift; sourceTree = "<group>"; };
		D1342951209AB73F0000D88C /* Alamofire.framework */ = {isa = PBXFileReference; explicitFileType = wrapper.framework; path = Alamofire.framework; sourceTree = BUILT_PRODUCTS_DIR; };
		D1342953209AB73F0000D88C /* Masonry.framework */ = {isa = PBXFileReference; explicitFileType = wrapper.framework; path = Masonry.framework; sourceTree = BUILT_PRODUCTS_DIR; };
		D1342955209AB73F0000D88C /* MBProgressHUD.framework */ = {isa = PBXFileReference; explicitFileType = wrapper.framework; path = MBProgressHUD.framework; sourceTree = BUILT_PRODUCTS_DIR; };
		D1342957209AB73F0000D88C /* MJExtension.framework */ = {isa = PBXFileReference; explicitFileType = wrapper.framework; path = MJExtension.framework; sourceTree = BUILT_PRODUCTS_DIR; };
		D1342959209AB73F0000D88C /* MJRefresh.framework */ = {isa = PBXFileReference; explicitFileType = wrapper.framework; path = MJRefresh.framework; sourceTree = BUILT_PRODUCTS_DIR; };
		D134295B209AB73F0000D88C /* SDWebImage.framework */ = {isa = PBXFileReference; explicitFileType = wrapper.framework; path = SDWebImage.framework; sourceTree = BUILT_PRODUCTS_DIR; };
		D1342962209ABBD70000D88C /* HQNetworkManager.swift */ = {isa = PBXFileReference; lastKnownFileType = sourcecode.swift; path = HQNetworkManager.swift; sourceTree = "<group>"; };
		D151383E2092EF49000EF957 /* FXHDemo.app */ = {isa = PBXFileReference; explicitFileType = wrapper.application; includeInIndex = 0; path = FXHDemo.app; sourceTree = BUILT_PRODUCTS_DIR; };
		D15138412092EF49000EF957 /* AppDelegate.swift */ = {isa = PBXFileReference; lastKnownFileType = sourcecode.swift; path = AppDelegate.swift; sourceTree = "<group>"; };
		D15138482092EF4A000EF957 /* Assets.xcassets */ = {isa = PBXFileReference; lastKnownFileType = folder.assetcatalog; path = Assets.xcassets; sourceTree = "<group>"; };
		D151384B2092EF4A000EF957 /* Base */ = {isa = PBXFileReference; lastKnownFileType = file.storyboard; name = Base; path = Base.lproj/LaunchScreen.storyboard; sourceTree = "<group>"; };
		D151384D2092EF4A000EF957 /* Info.plist */ = {isa = PBXFileReference; lastKnownFileType = text.plist.xml; path = Info.plist; sourceTree = "<group>"; };
		D15138542092FDC4000EF957 /* APIHeader.swift */ = {isa = PBXFileReference; lastKnownFileType = sourcecode.swift; path = APIHeader.swift; sourceTree = "<group>"; };
		D151385A2093033E000EF957 /* CommenHeader.swift */ = {isa = PBXFileReference; lastKnownFileType = sourcecode.swift; path = CommenHeader.swift; sourceTree = "<group>"; };
		D151385E20930463000EF957 /* YYExtension.swift */ = {isa = PBXFileReference; lastKnownFileType = sourcecode.swift; path = YYExtension.swift; sourceTree = "<group>"; };
		D1513860209307F7000EF957 /* EnumHeader.swift */ = {isa = PBXFileReference; lastKnownFileType = sourcecode.swift; path = EnumHeader.swift; sourceTree = "<group>"; };
/* End PBXFileReference section */

/* Begin PBXFrameworksBuildPhase section */
		D151383B2092EF49000EF957 /* Frameworks */ = {
			isa = PBXFrameworksBuildPhase;
			buildActionMask = 2147483647;
			files = (
				D1342952209AB73F0000D88C /* Alamofire.framework in Frameworks */,
				D1342954209AB73F0000D88C /* Masonry.framework in Frameworks */,
				D1342956209AB73F0000D88C /* MBProgressHUD.framework in Frameworks */,
				D1342958209AB73F0000D88C /* MJExtension.framework in Frameworks */,
				D134295A209AB73F0000D88C /* MJRefresh.framework in Frameworks */,
				D134295C209AB73F0000D88C /* SDWebImage.framework in Frameworks */,
				DC66E299489F9F164E9D6083 /* Pods_FXHDemo.framework in Frameworks */,
			);
			runOnlyForDeploymentPostprocessing = 0;
		};
/* End PBXFrameworksBuildPhase section */

/* Begin PBXGroup section */
		A15BB43F22FC942132ED2FD0 /* Frameworks */ = {
			isa = PBXGroup;
			children = (
				D1342951209AB73F0000D88C /* Alamofire.framework */,
				D1342953209AB73F0000D88C /* Masonry.framework */,
				D1342955209AB73F0000D88C /* MBProgressHUD.framework */,
				D1342957209AB73F0000D88C /* MJExtension.framework */,
				D1342959209AB73F0000D88C /* MJRefresh.framework */,
				D134295B209AB73F0000D88C /* SDWebImage.framework */,
				16EEF9626DED3846554E8854 /* Pods_FXHDemo.framework */,
			);
			name = Frameworks;
			sourceTree = "<group>";
		};
		C2CDE447FBA59739BB7995C4 /* Pods */ = {
			isa = PBXGroup;
			children = (
				51D52315C0CF28A254F20B68 /* Pods-FXHDemo.debug.xcconfig */,
				574A666DBDB6DDF13CD1EDAA /* Pods-FXHDemo.release.xcconfig */,
			);
			name = Pods;
			sourceTree = "<group>";
		};
		D1342927209AAE020000D88C /* AppDelegate */ = {
			isa = PBXGroup;
			children = (
				D15138412092EF49000EF957 /* AppDelegate.swift */,
			);
			path = AppDelegate;
			sourceTree = "<group>";
		};
		D1342928209AAE0C0000D88C /* Class */ = {
			isa = PBXGroup;
			children = (
				D134292C209AAE7D0000D88C /* Base */,
				D1342935209AB19D0000D88C /* Main */,
				D1342939209AB19D0000D88C /* ClassInfo */,
				D1342931209AB19C0000D88C /* Community */,
				D134293D209AB19D0000D88C /* Generalize */,
				D134292D209AB19C0000D88C /* Mine */,
			);
			path = Class;
			sourceTree = "<group>";
		};
		D134292A209AAE180000D88C /* Tool */ = {
			isa = PBXGroup;
			children = (
				D151385E20930463000EF957 /* YYExtension.swift */,
				D1342961209ABBBB0000D88C /* Network */,
				D134292B209AAE390000D88C /* Headers */,
			);
			path = Tool;
			sourceTree = "<group>";
		};
		D134292B209AAE390000D88C /* Headers */ = {
			isa = PBXGroup;
			children = (
				D15138542092FDC4000EF957 /* APIHeader.swift */,
				D1513860209307F7000EF957 /* EnumHeader.swift */,
				D151385A2093033E000EF957 /* CommenHeader.swift */,
			);
			path = Headers;
			sourceTree = "<group>";
		};
		D134292C209AAE7D0000D88C /* Base */ = {
			isa = PBXGroup;
			children = (
				D1342925209AAC9F0000D88C /* HQTabBarController.swift */,
				D134294F209AB2E70000D88C /* HQNavigationController.swift */,
				D1342923209AAC880000D88C /* HQBaseViewController.swift */,
				D1342941209AB1E10000D88C /* HQBaseModel.swift */,
				D1342943209AB1EC0000D88C /* HQBaseViewModel.swift */,
			);
			path = Base;
			sourceTree = "<group>";
		};
		D134292D209AB19C0000D88C /* Mine */ = {
			isa = PBXGroup;
			children = (
				D134292E209AB19C0000D88C /* Controller */,
				D134292F209AB19C0000D88C /* View */,
				D1342930209AB19C0000D88C /* ViewModel */,
			);
			path = Mine;
			sourceTree = "<group>";
		};
		D134292E209AB19C0000D88C /* Controller */ = {
			isa = PBXGroup;
			children = (
				D134294D209AB2920000D88C /* HQMineVC.swift */,
			);
			path = Controller;
			sourceTree = "<group>";
		};
		D134292F209AB19C0000D88C /* View */ = {
			isa = PBXGroup;
			children = (
			);
			path = View;
			sourceTree = "<group>";
		};
		D1342930209AB19C0000D88C /* ViewModel */ = {
			isa = PBXGroup;
			children = (
			);
			path = ViewModel;
			sourceTree = "<group>";
		};
		D1342931209AB19C0000D88C /* Community */ = {
			isa = PBXGroup;
			children = (
				D1342932209AB19C0000D88C /* Controller */,
				D1342933209AB19C0000D88C /* View */,
				D1342934209AB19C0000D88C /* ViewModel */,
			);
			path = Community;
			sourceTree = "<group>";
		};
		D1342932209AB19C0000D88C /* Controller */ = {
			isa = PBXGroup;
			children = (
				D1342949209AB2720000D88C /* HQCommunityVC.swift */,
			);
			path = Controller;
			sourceTree = "<group>";
		};
		D1342933209AB19C0000D88C /* View */ = {
			isa = PBXGroup;
			children = (
			);
			path = View;
			sourceTree = "<group>";
		};
		D1342934209AB19C0000D88C /* ViewModel */ = {
			isa = PBXGroup;
			children = (
			);
			path = ViewModel;
			sourceTree = "<group>";
		};
		D1342935209AB19D0000D88C /* Main */ = {
			isa = PBXGroup;
			children = (
				D1342936209AB19D0000D88C /* Controller */,
				D1342937209AB19D0000D88C /* View */,
				D1342938209AB19D0000D88C /* ViewModel */,
			);
			path = Main;
			sourceTree = "<group>";
		};
		D1342936209AB19D0000D88C /* Controller */ = {
			isa = PBXGroup;
			children = (
				D1342945209AB2130000D88C /* HQMainVC.swift */,
			);
			path = Controller;
			sourceTree = "<group>";
		};
		D1342937209AB19D0000D88C /* View */ = {
			isa = PBXGroup;
			children = (
			);
			path = View;
			sourceTree = "<group>";
		};
		D1342938209AB19D0000D88C /* ViewModel */ = {
			isa = PBXGroup;
			children = (
			);
			path = ViewModel;
			sourceTree = "<group>";
		};
		D1342939209AB19D0000D88C /* ClassInfo */ = {
			isa = PBXGroup;
			children = (
				D134293A209AB19D0000D88C /* Controller */,
				D134293B209AB19D0000D88C /* View */,
				D134293C209AB19D0000D88C /* ViewModel */,
			);
			path = ClassInfo;
			sourceTree = "<group>";
		};
		D134293A209AB19D0000D88C /* Controller */ = {
			isa = PBXGroup;
			children = (
				D1342947209AB2590000D88C /* HQClassInfoVC.swift */,
			);
			path = Controller;
			sourceTree = "<group>";
		};
		D134293B209AB19D0000D88C /* View */ = {
			isa = PBXGroup;
			children = (
			);
			path = View;
			sourceTree = "<group>";
		};
		D134293C209AB19D0000D88C /* ViewModel */ = {
			isa = PBXGroup;
			children = (
			);
			path = ViewModel;
			sourceTree = "<group>";
		};
		D134293D209AB19D0000D88C /* Generalize */ = {
			isa = PBXGroup;
			children = (
				D134293E209AB19D0000D88C /* Controller */,
				D134293F209AB19D0000D88C /* View */,
				D1342940209AB19D0000D88C /* ViewModel */,
			);
			path = Generalize;
			sourceTree = "<group>";
		};
		D134293E209AB19D0000D88C /* Controller */ = {
			isa = PBXGroup;
			children = (
				D134294B209AB2840000D88C /* HQGeneralizeVC.swift */,
			);
			path = Controller;
			sourceTree = "<group>";
		};
		D134293F209AB19D0000D88C /* View */ = {
			isa = PBXGroup;
			children = (
			);
			path = View;
			sourceTree = "<group>";
		};
		D1342940209AB19D0000D88C /* ViewModel */ = {
			isa = PBXGroup;
			children = (
			);
			path = ViewModel;
			sourceTree = "<group>";
		};
		D1342961209ABBBB0000D88C /* Network */ = {
			isa = PBXGroup;
			children = (
				D1342962209ABBD70000D88C /* HQNetworkManager.swift */,
			);
			path = Network;
			sourceTree = "<group>";
		};
		D15138352092EF49000EF957 = {
			isa = PBXGroup;
			children = (
				D15138402092EF49000EF957 /* FXHDemo */,
				D151383F2092EF49000EF957 /* Products */,
				C2CDE447FBA59739BB7995C4 /* Pods */,
				A15BB43F22FC942132ED2FD0 /* Frameworks */,
			);
			sourceTree = "<group>";
		};
		D151383F2092EF49000EF957 /* Products */ = {
			isa = PBXGroup;
			children = (
				D151383E2092EF49000EF957 /* FXHDemo.app */,
			);
			name = Products;
			sourceTree = "<group>";
		};
		D15138402092EF49000EF957 /* FXHDemo */ = {
			isa = PBXGroup;
			children = (
				D134292A209AAE180000D88C /* Tool */,
				D1342928209AAE0C0000D88C /* Class */,
				D1342927209AAE020000D88C /* AppDelegate */,
				D15138482092EF4A000EF957 /* Assets.xcassets */,
				D151384A2092EF4A000EF957 /* LaunchScreen.storyboard */,
				D151384D2092EF4A000EF957 /* Info.plist */,
			);
			path = FXHDemo;
			sourceTree = "<group>";
		};
/* End PBXGroup section */

/* Begin PBXNativeTarget section */
		D151383D2092EF49000EF957 /* FXHDemo */ = {
			isa = PBXNativeTarget;
			buildConfigurationList = D15138502092EF4A000EF957 /* Build configuration list for PBXNativeTarget "FXHDemo" */;
			buildPhases = (
				6DFCA048BBE9AF9CDAAEBFB2 /* [CP] Check Pods Manifest.lock */,
				D151383A2092EF49000EF957 /* Sources */,
				D151383B2092EF49000EF957 /* Frameworks */,
				D151383C2092EF49000EF957 /* Resources */,
				F0F7B3004F36E2458AFFA642 /* [CP] Embed Pods Frameworks */,
			);
			buildRules = (
			);
			dependencies = (
			);
			name = FXHDemo;
			productName = FXHDemo;
			productReference = D151383E2092EF49000EF957 /* FXHDemo.app */;
			productType = "com.apple.product-type.application";
		};
/* End PBXNativeTarget section */

/* Begin PBXProject section */
		D15138362092EF49000EF957 /* Project object */ = {
			isa = PBXProject;
			attributes = {
				CLASSPREFIX = HQ;
				LastSwiftUpdateCheck = 0930;
				LastUpgradeCheck = 0930;
				ORGANIZATIONNAME = HangzhouHaiqu;
				TargetAttributes = {
					D151383D2092EF49000EF957 = {
						CreatedOnToolsVersion = 9.3;
						LastSwiftMigration = 0930;
					};
				};
			};
			buildConfigurationList = D15138392092EF49000EF957 /* Build configuration list for PBXProject "FXHDemo" */;
			compatibilityVersion = "Xcode 9.3";
			developmentRegion = en;
			hasScannedForEncodings = 0;
			knownRegions = (
				en,
				Base,
			);
			mainGroup = D15138352092EF49000EF957;
			productRefGroup = D151383F2092EF49000EF957 /* Products */;
			projectDirPath = "";
			projectRoot = "";
			targets = (
				D151383D2092EF49000EF957 /* FXHDemo */,
			);
		};
/* End PBXProject section */

/* Begin PBXResourcesBuildPhase section */
		D151383C2092EF49000EF957 /* Resources */ = {
			isa = PBXResourcesBuildPhase;
			buildActionMask = 2147483647;
			files = (
				D151384C2092EF4A000EF957 /* LaunchScreen.storyboard in Resources */,
				D15138492092EF4A000EF957 /* Assets.xcassets in Resources */,
			);
			runOnlyForDeploymentPostprocessing = 0;
		};
/* End PBXResourcesBuildPhase section */

/* Begin PBXShellScriptBuildPhase section */
		6DFCA048BBE9AF9CDAAEBFB2 /* [CP] Check Pods Manifest.lock */ = {
			isa = PBXShellScriptBuildPhase;
			buildActionMask = 2147483647;
			files = (
			);
			inputPaths = (
				"${PODS_PODFILE_DIR_PATH}/Podfile.lock",
				"${PODS_ROOT}/Manifest.lock",
			);
			name = "[CP] Check Pods Manifest.lock";
			outputPaths = (
				"$(DERIVED_FILE_DIR)/Pods-FXHDemo-checkManifestLockResult.txt",
			);
			runOnlyForDeploymentPostprocessing = 0;
			shellPath = /bin/sh;
			shellScript = "diff \"${PODS_PODFILE_DIR_PATH}/Podfile.lock\" \"${PODS_ROOT}/Manifest.lock\" > /dev/null\nif [ $? != 0 ] ; then\n    # print error to STDERR\n    echo \"error: The sandbox is not in sync with the Podfile.lock. Run 'pod install' or update your CocoaPods installation.\" >&2\n    exit 1\nfi\n# This output is used by Xcode 'outputs' to avoid re-running this script phase.\necho \"SUCCESS\" > \"${SCRIPT_OUTPUT_FILE_0}\"\n";
			showEnvVarsInLog = 0;
		};
		F0F7B3004F36E2458AFFA642 /* [CP] Embed Pods Frameworks */ = {
			isa = PBXShellScriptBuildPhase;
			buildActionMask = 2147483647;
			files = (
			);
			inputPaths = (
				"${SRCROOT}/Pods/Target Support Files/Pods-FXHDemo/Pods-FXHDemo-frameworks.sh",
				"${BUILT_PRODUCTS_DIR}/Alamofire/Alamofire.framework",
				"${BUILT_PRODUCTS_DIR}/MBProgressHUD/MBProgressHUD.framework",
				"${BUILT_PRODUCTS_DIR}/MJExtension/MJExtension.framework",
				"${BUILT_PRODUCTS_DIR}/MJRefresh/MJRefresh.framework",
				"${BUILT_PRODUCTS_DIR}/Masonry/Masonry.framework",
				"${BUILT_PRODUCTS_DIR}/SDWebImage/SDWebImage.framework",
			);
			name = "[CP] Embed Pods Frameworks";
			outputPaths = (
				"${TARGET_BUILD_DIR}/${FRAMEWORKS_FOLDER_PATH}/Alamofire.framework",
				"${TARGET_BUILD_DIR}/${FRAMEWORKS_FOLDER_PATH}/MBProgressHUD.framework",
				"${TARGET_BUILD_DIR}/${FRAMEWORKS_FOLDER_PATH}/MJExtension.framework",
				"${TARGET_BUILD_DIR}/${FRAMEWORKS_FOLDER_PATH}/MJRefresh.framework",
				"${TARGET_BUILD_DIR}/${FRAMEWORKS_FOLDER_PATH}/Masonry.framework",
				"${TARGET_BUILD_DIR}/${FRAMEWORKS_FOLDER_PATH}/SDWebImage.framework",
			);
			runOnlyForDeploymentPostprocessing = 0;
			shellPath = /bin/sh;
			shellScript = "\"${SRCROOT}/Pods/Target Support Files/Pods-FXHDemo/Pods-FXHDemo-frameworks.sh\"\n";
			showEnvVarsInLog = 0;
		};
/* End PBXShellScriptBuildPhase section */

/* Begin PBXSourcesBuildPhase section */
		D151383A2092EF49000EF957 /* Sources */ = {
			isa = PBXSourcesBuildPhase;
			buildActionMask = 2147483647;
			files = (
				D151385F20930463000EF957 /* YYExtension.swift in Sources */,
				D1342950209AB2E70000D88C /* HQNavigationController.swift in Sources */,
				D1342942209AB1E10000D88C /* HQBaseModel.swift in Sources */,
				D1342944209AB1EC0000D88C /* HQBaseViewModel.swift in Sources */,
				D1342924209AAC880000D88C /* HQBaseViewController.swift in Sources */,
				D15138552092FDC4000EF957 /* APIHeader.swift in Sources */,
				D134294C209AB2840000D88C /* HQGeneralizeVC.swift in Sources */,
				D134294A209AB2720000D88C /* HQCommunityVC.swift in Sources */,
				D151385B2093033E000EF957 /* CommenHeader.swift in Sources */,
				D134294E209AB2920000D88C /* HQMineVC.swift in Sources */,
				D1342946209AB2130000D88C /* HQMainVC.swift in Sources */,
				D1342926209AAC9F0000D88C /* HQTabBarController.swift in Sources */,
				D1342948209AB2590000D88C /* HQClassInfoVC.swift in Sources */,
				D15138422092EF49000EF957 /* AppDelegate.swift in Sources */,
				D1513861209307F7000EF957 /* EnumHeader.swift in Sources */,
				D1342963209ABBD70000D88C /* HQNetworkManager.swift in Sources */,
			);
			runOnlyForDeploymentPostprocessing = 0;
		};
/* End PBXSourcesBuildPhase section */

/* Begin PBXVariantGroup section */
		D151384A2092EF4A000EF957 /* LaunchScreen.storyboard */ = {
			isa = PBXVariantGroup;
			children = (
				D151384B2092EF4A000EF957 /* Base */,
			);
			name = LaunchScreen.storyboard;
			sourceTree = "<group>";
		};
/* End PBXVariantGroup section */

/* Begin XCBuildConfiguration section */
		D151384E2092EF4A000EF957 /* Debug */ = {
			isa = XCBuildConfiguration;
			buildSettings = {
				ALWAYS_SEARCH_USER_PATHS = NO;
				CLANG_ANALYZER_NONNULL = YES;
				CLANG_ANALYZER_NUMBER_OBJECT_CONVERSION = YES_AGGRESSIVE;
				CLANG_CXX_LANGUAGE_STANDARD = "gnu++14";
				CLANG_CXX_LIBRARY = "libc++";
				CLANG_ENABLE_MODULES = YES;
				CLANG_ENABLE_OBJC_ARC = YES;
				CLANG_ENABLE_OBJC_WEAK = YES;
				CLANG_WARN_BLOCK_CAPTURE_AUTORELEASING = YES;
				CLANG_WARN_BOOL_CONVERSION = YES;
				CLANG_WARN_COMMA = YES;
				CLANG_WARN_CONSTANT_CONVERSION = YES;
				CLANG_WARN_DEPRECATED_OBJC_IMPLEMENTATIONS = YES;
				CLANG_WARN_DIRECT_OBJC_ISA_USAGE = YES_ERROR;
				CLANG_WARN_DOCUMENTATION_COMMENTS = YES;
				CLANG_WARN_EMPTY_BODY = YES;
				CLANG_WARN_ENUM_CONVERSION = YES;
				CLANG_WARN_INFINITE_RECURSION = YES;
				CLANG_WARN_INT_CONVERSION = YES;
				CLANG_WARN_NON_LITERAL_NULL_CONVERSION = YES;
				CLANG_WARN_OBJC_IMPLICIT_RETAIN_SELF = YES;
				CLANG_WARN_OBJC_LITERAL_CONVERSION = YES;
				CLANG_WARN_OBJC_ROOT_CLASS = YES_ERROR;
				CLANG_WARN_RANGE_LOOP_ANALYSIS = YES;
				CLANG_WARN_STRICT_PROTOTYPES = YES;
				CLANG_WARN_SUSPICIOUS_MOVE = YES;
				CLANG_WARN_UNGUARDED_AVAILABILITY = YES_AGGRESSIVE;
				CLANG_WARN_UNREACHABLE_CODE = YES;
				CLANG_WARN__DUPLICATE_METHOD_MATCH = YES;
				CODE_SIGN_IDENTITY = "iPhone Developer";
				COPY_PHASE_STRIP = NO;
				DEBUG_INFORMATION_FORMAT = dwarf;
				ENABLE_STRICT_OBJC_MSGSEND = YES;
				ENABLE_TESTABILITY = YES;
				GCC_C_LANGUAGE_STANDARD = gnu11;
				GCC_DYNAMIC_NO_PIC = NO;
				GCC_NO_COMMON_BLOCKS = YES;
				GCC_OPTIMIZATION_LEVEL = 0;
				GCC_PREPROCESSOR_DEFINITIONS = (
					"DEBUG=1",
					"$(inherited)",
				);
				GCC_WARN_64_TO_32_BIT_CONVERSION = YES;
				GCC_WARN_ABOUT_RETURN_TYPE = YES_ERROR;
				GCC_WARN_UNDECLARED_SELECTOR = YES;
				GCC_WARN_UNINITIALIZED_AUTOS = YES_AGGRESSIVE;
				GCC_WARN_UNUSED_FUNCTION = YES;
				GCC_WARN_UNUSED_VARIABLE = YES;
				IPHONEOS_DEPLOYMENT_TARGET = 11.3;
				MTL_ENABLE_DEBUG_INFO = YES;
				ONLY_ACTIVE_ARCH = YES;
				SDKROOT = iphoneos;
				SWIFT_ACTIVE_COMPILATION_CONDITIONS = DEBUG;
				SWIFT_OPTIMIZATION_LEVEL = "-Onone";
			};
			name = Debug;
		};
		D151384F2092EF4A000EF957 /* Release */ = {
			isa = XCBuildConfiguration;
			buildSettings = {
				ALWAYS_SEARCH_USER_PATHS = NO;
				CLANG_ANALYZER_NONNULL = YES;
				CLANG_ANALYZER_NUMBER_OBJECT_CONVERSION = YES_AGGRESSIVE;
				CLANG_CXX_LANGUAGE_STANDARD = "gnu++14";
				CLANG_CXX_LIBRARY = "libc++";
				CLANG_ENABLE_MODULES = YES;
				CLANG_ENABLE_OBJC_ARC = YES;
				CLANG_ENABLE_OBJC_WEAK = YES;
				CLANG_WARN_BLOCK_CAPTURE_AUTORELEASING = YES;
				CLANG_WARN_BOOL_CONVERSION = YES;
				CLANG_WARN_COMMA = YES;
				CLANG_WARN_CONSTANT_CONVERSION = YES;
				CLANG_WARN_DEPRECATED_OBJC_IMPLEMENTATIONS = YES;
				CLANG_WARN_DIRECT_OBJC_ISA_USAGE = YES_ERROR;
				CLANG_WARN_DOCUMENTATION_COMMENTS = YES;
				CLANG_WARN_EMPTY_BODY = YES;
				CLANG_WARN_ENUM_CONVERSION = YES;
				CLANG_WARN_INFINITE_RECURSION = YES;
				CLANG_WARN_INT_CONVERSION = YES;
				CLANG_WARN_NON_LITERAL_NULL_CONVERSION = YES;
				CLANG_WARN_OBJC_IMPLICIT_RETAIN_SELF = YES;
				CLANG_WARN_OBJC_LITERAL_CONVERSION = YES;
				CLANG_WARN_OBJC_ROOT_CLASS = YES_ERROR;
				CLANG_WARN_RANGE_LOOP_ANALYSIS = YES;
				CLANG_WARN_STRICT_PROTOTYPES = YES;
				CLANG_WARN_SUSPICIOUS_MOVE = YES;
				CLANG_WARN_UNGUARDED_AVAILABILITY = YES_AGGRESSIVE;
				CLANG_WARN_UNREACHABLE_CODE = YES;
				CLANG_WARN__DUPLICATE_METHOD_MATCH = YES;
				CODE_SIGN_IDENTITY = "iPhone Developer";
				COPY_PHASE_STRIP = NO;
				DEBUG_INFORMATION_FORMAT = "dwarf-with-dsym";
				ENABLE_NS_ASSERTIONS = NO;
				ENABLE_STRICT_OBJC_MSGSEND = YES;
				GCC_C_LANGUAGE_STANDARD = gnu11;
				GCC_NO_COMMON_BLOCKS = YES;
				GCC_WARN_64_TO_32_BIT_CONVERSION = YES;
				GCC_WARN_ABOUT_RETURN_TYPE = YES_ERROR;
				GCC_WARN_UNDECLARED_SELECTOR = YES;
				GCC_WARN_UNINITIALIZED_AUTOS = YES_AGGRESSIVE;
				GCC_WARN_UNUSED_FUNCTION = YES;
				GCC_WARN_UNUSED_VARIABLE = YES;
				IPHONEOS_DEPLOYMENT_TARGET = 11.3;
				MTL_ENABLE_DEBUG_INFO = NO;
				SDKROOT = iphoneos;
				SWIFT_COMPILATION_MODE = wholemodule;
				SWIFT_OPTIMIZATION_LEVEL = "-O";
				VALIDATE_PRODUCT = YES;
			};
			name = Release;
		};
		D15138512092EF4A000EF957 /* Debug */ = {
			isa = XCBuildConfiguration;
			baseConfigurationReference = 51D52315C0CF28A254F20B68 /* Pods-FXHDemo.debug.xcconfig */;
			buildSettings = {
				ASSETCATALOG_COMPILER_APPICON_NAME = AppIcon;
				CLANG_ENABLE_MODULES = YES;
				CODE_SIGN_STYLE = Automatic;
				DEVELOPMENT_TEAM = MF5828SVH4;
				INFOPLIST_FILE = FXHDemo/Info.plist;
				IPHONEOS_DEPLOYMENT_TARGET = 9.0;
				LD_RUNPATH_SEARCH_PATHS = (
					"$(inherited)",
					"@executable_path/Frameworks",
				);
				PRODUCT_BUNDLE_IDENTIFIER = com.haiqu.swift.test.FXHDemo;
				PRODUCT_NAME = "$(TARGET_NAME)";
				SWIFT_OBJC_BRIDGING_HEADER = "";
				SWIFT_OPTIMIZATION_LEVEL = "-Onone";
				SWIFT_VERSION = 4.0;
				TARGETED_DEVICE_FAMILY = 1;
			};
			name = Debug;
		};
		D15138522092EF4A000EF957 /* Release */ = {
			isa = XCBuildConfiguration;
			baseConfigurationReference = 574A666DBDB6DDF13CD1EDAA /* Pods-FXHDemo.release.xcconfig */;
			buildSettings = {
				ASSETCATALOG_COMPILER_APPICON_NAME = AppIcon;
				CLANG_ENABLE_MODULES = YES;
				CODE_SIGN_STYLE = Automatic;
				DEVELOPMENT_TEAM = MF5828SVH4;
				INFOPLIST_FILE = FXHDemo/Info.plist;
				IPHONEOS_DEPLOYMENT_TARGET = 9.0;
				LD_RUNPATH_SEARCH_PATHS = (
					"$(inherited)",
					"@executable_path/Frameworks",
				);
				PRODUCT_BUNDLE_IDENTIFIER = com.haiqu.swift.test.FXHDemo;
				PRODUCT_NAME = "$(TARGET_NAME)";
				SWIFT_OBJC_BRIDGING_HEADER = "";
				SWIFT_VERSION = 4.0;
				TARGETED_DEVICE_FAMILY = 1;
			};
			name = Release;
		};
/* End XCBuildConfiguration section */

/* Begin XCConfigurationList section */
		D15138392092EF49000EF957 /* Build configuration list for PBXProject "FXHDemo" */ = {
			isa = XCConfigurationList;
			buildConfigurations = (
				D151384E2092EF4A000EF957 /* Debug */,
				D151384F2092EF4A000EF957 /* Release */,
			);
			defaultConfigurationIsVisible = 0;
			defaultConfigurationName = Release;
		};
		D15138502092EF4A000EF957 /* Build configuration list for PBXNativeTarget "FXHDemo" */ = {
			isa = XCConfigurationList;
			buildConfigurations = (
				D15138512092EF4A000EF957 /* Debug */,
				D15138522092EF4A000EF957 /* Release */,
			);
			defaultConfigurationIsVisible = 0;
			defaultConfigurationName = Release;
		};
/* End XCConfigurationList section */
	};
	rootObject = D15138362092EF49000EF957 /* Project object */;
}
