// !$*UTF8*$!
{
	archiveVersion = 1;
	classes = {
	};
	objectVersion = 50;
	objects = {

/* Begin PBXBuildFile section */
		D15138422092EF49000EF957 /* AppDelegate.swift in Sources */ = {isa = PBXBuildFile; fileRef = D15138412092EF49000EF957 /* AppDelegate.swift */; };
		D15138442092EF49000EF957 /* ViewController.swift in Sources */ = {isa = PBXBuildFile; fileRef = D15138432092EF49000EF957 /* ViewController.swift */; };
		D15138472092EF49000EF957 /* Main.storyboard in Resources */ = {isa = PBXBuildFile; fileRef = D15138452092EF49000EF957 /* Main.storyboard */; };
		D15138492092EF4A000EF957 /* Assets.xcassets in Resources */ = {isa = PBXBuildFile; fileRef = D15138482092EF4A000EF957 /* Assets.xcassets */; };
		D151384C2092EF4A000EF957 /* LaunchScreen.storyboard in Resources */ = {isa = PBXBuildFile; fileRef = D151384A2092EF4A000EF957 /* LaunchScreen.storyboard */; };
		D15138552092FDC4000EF957 /* APIHeader.swift in Sources */ = {isa = PBXBuildFile; fileRef = D15138542092FDC4000EF957 /* APIHeader.swift */; };
		D151385B2093033E000EF957 /* CommenHeader.swift in Sources */ = {isa = PBXBuildFile; fileRef = D151385A2093033E000EF957 /* CommenHeader.swift */; };
		D151385F20930463000EF957 /* YYExtension.swift in Sources */ = {isa = PBXBuildFile; fileRef = D151385E20930463000EF957 /* YYExtension.swift */; };
		D1513861209307F7000EF957 /* EnumHeader.swift in Sources */ = {isa = PBXBuildFile; fileRef = D1513860209307F7000EF957 /* EnumHeader.swift */; };
/* End PBXBuildFile section */

/* Begin PBXFileReference section */
		D151383E2092EF49000EF957 /* FXHDemo.app */ = {isa = PBXFileReference; explicitFileType = wrapper.application; includeInIndex = 0; path = FXHDemo.app; sourceTree = BUILT_PRODUCTS_DIR; };
		D15138412092EF49000EF957 /* AppDelegate.swift */ = {isa = PBXFileReference; lastKnownFileType = sourcecode.swift; path = AppDelegate.swift; sourceTree = "<group>"; };
		D15138432092EF49000EF957 /* ViewController.swift */ = {isa = PBXFileReference; lastKnownFileType = sourcecode.swift; path = ViewController.swift; sourceTree = "<group>"; };
		D15138462092EF49000EF957 /* Base */ = {isa = PBXFileReference; lastKnownFileType = file.storyboard; name = Base; path = Base.lproj/Main.storyboard; sourceTree = "<group>"; };
		D15138482092EF4A000EF957 /* Assets.xcassets */ = {isa = PBXFileReference; lastKnownFileType = folder.assetcatalog; path = Assets.xcassets; sourceTree = "<group>"; };
		D151384B2092EF4A000EF957 /* Base */ = {isa = PBXFileReference; lastKnownFileType = file.storyboard; name = Base; path = Base.lproj/LaunchScreen.storyboard; sourceTree = "<group>"; };
		D151384D2092EF4A000EF957 /* Info.plist */ = {isa = PBXFileReference; lastKnownFileType = text.plist.xml; path = Info.plist; sourceTree = "<group>"; };
		D15138542092FDC4000EF957 /* APIHeader.swift */ = {isa = PBXFileReference; lastKnownFileType = sourcecode.swift; path = APIHeader.swift; sourceTree = "<group>"; };
		D15138562092FE8B000EF957 /* FXHDemo-Bridging-Header.h */ = {isa = PBXFileReference; lastKnownFileType = sourcecode.c.h; path = "FXHDemo-Bridging-Header.h"; sourceTree = "<group>"; };
		D151385A2093033E000EF957 /* CommenHeader.swift */ = {isa = PBXFileReference; lastKnownFileType = sourcecode.swift; path = CommenHeader.swift; sourceTree = "<group>"; };
		D151385E20930463000EF957 /* YYExtension.swift */ = {isa = PBXFileReference; lastKnownFileType = sourcecode.swift; path = YYExtension.swift; sourceTree = "<group>"; };
		D1513860209307F7000EF957 /* EnumHeader.swift */ = {isa = PBXFileReference; lastKnownFileType = sourcecode.swift; path = EnumHeader.swift; sourceTree = "<group>"; };
/* End PBXFileReference section */

/* Begin PBXFrameworksBuildPhase section */
		D151383B2092EF49000EF957 /* Frameworks */ = {
			isa = PBXFrameworksBuildPhase;
			buildActionMask = 2147483647;
			files = (
			);
			runOnlyForDeploymentPostprocessing = 0;
		};
/* End PBXFrameworksBuildPhase section */

/* Begin PBXGroup section */
		D15138352092EF49000EF957 = {
			isa = PBXGroup;
			children = (
				D15138402092EF49000EF957 /* FXHDemo */,
				D151383F2092EF49000EF957 /* Products */,
			);
			sourceTree = "<group>";
		};
		D151383F2092EF49000EF957 /* Products */ = {
			isa = PBXGroup;
			children = (
				D151383E2092EF49000EF957 /* FXHDemo.app */,
			);
			name = Products;
			sourceTree = "<group>";
		};
		D15138402092EF49000EF957 /* FXHDemo */ = {
			isa = PBXGroup;
			children = (
				D15138412092EF49000EF957 /* AppDelegate.swift */,
				D15138432092EF49000EF957 /* ViewController.swift */,
				D15138542092FDC4000EF957 /* APIHeader.swift */,
				D151385E20930463000EF957 /* YYExtension.swift */,
				D151385A2093033E000EF957 /* CommenHeader.swift */,
				D1513860209307F7000EF957 /* EnumHeader.swift */,
				D15138452092EF49000EF957 /* Main.storyboard */,
				D15138482092EF4A000EF957 /* Assets.xcassets */,
				D151384A2092EF4A000EF957 /* LaunchScreen.storyboard */,
				D151384D2092EF4A000EF957 /* Info.plist */,
				D15138562092FE8B000EF957 /* FXHDemo-Bridging-Header.h */,
			);
			path = FXHDemo;
			sourceTree = "<group>";
		};
/* End PBXGroup section */

/* Begin PBXNativeTarget section */
		D151383D2092EF49000EF957 /* FXHDemo */ = {
			isa = PBXNativeTarget;
			buildConfigurationList = D15138502092EF4A000EF957 /* Build configuration list for PBXNativeTarget "FXHDemo" */;
			buildPhases = (
				D151383A2092EF49000EF957 /* Sources */,
				D151383B2092EF49000EF957 /* Frameworks */,
				D151383C2092EF49000EF957 /* Resources */,
			);
			buildRules = (
			);
			dependencies = (
			);
			name = FXHDemo;
			productName = FXHDemo;
			productReference = D151383E2092EF49000EF957 /* FXHDemo.app */;
			productType = "com.apple.product-type.application";
		};
/* End PBXNativeTarget section */

/* Begin PBXProject section */
		D15138362092EF49000EF957 /* Project object */ = {
			isa = PBXProject;
			attributes = {
				LastSwiftUpdateCheck = 0930;
				LastUpgradeCheck = 0930;
				ORGANIZATIONNAME = HangzhouHaiqu;
				TargetAttributes = {
					D151383D2092EF49000EF957 = {
						CreatedOnToolsVersion = 9.3;
						LastSwiftMigration = 0930;
					};
				};
			};
			buildConfigurationList = D15138392092EF49000EF957 /* Build configuration list for PBXProject "FXHDemo" */;
			compatibilityVersion = "Xcode 9.3";
			developmentRegion = en;
			hasScannedForEncodings = 0;
			knownRegions = (
				en,
				Base,
			);
			mainGroup = D15138352092EF49000EF957;
			productRefGroup = D151383F2092EF49000EF957 /* Products */;
			projectDirPath = "";
			projectRoot = "";
			targets = (
				D151383D2092EF49000EF957 /* FXHDemo */,
			);
		};
/* End PBXProject section */

/* Begin PBXResourcesBuildPhase section */
		D151383C2092EF49000EF957 /* Resources */ = {
			isa = PBXResourcesBuildPhase;
			buildActionMask = 2147483647;
			files = (
				D151384C2092EF4A000EF957 /* LaunchScreen.storyboard in Resources */,
				D15138492092EF4A000EF957 /* Assets.xcassets in Resources */,
				D15138472092EF49000EF957 /* Main.storyboard in Resources */,
			);
			runOnlyForDeploymentPostprocessing = 0;
		};
/* End PBXResourcesBuildPhase section */

/* Begin PBXSourcesBuildPhase section */
		D151383A2092EF49000EF957 /* Sources */ = {
			isa = PBXSourcesBuildPhase;
			buildActionMask = 2147483647;
			files = (
				D151385F20930463000EF957 /* YYExtension.swift in Sources */,
				D15138552092FDC4000EF957 /* APIHeader.swift in Sources */,
				D151385B2093033E000EF957 /* CommenHeader.swift in Sources */,
				D15138442092EF49000EF957 /* ViewController.swift in Sources */,
				D15138422092EF49000EF957 /* AppDelegate.swift in Sources */,
				D1513861209307F7000EF957 /* EnumHeader.swift in Sources */,
			);
			runOnlyForDeploymentPostprocessing = 0;
		};
/* End PBXSourcesBuildPhase section */

/* Begin PBXVariantGroup section */
		D15138452092EF49000EF957 /* Main.storyboard */ = {
			isa = PBXVariantGroup;
			children = (
				D15138462092EF49000EF957 /* Base */,
			);
			name = Main.storyboard;
			sourceTree = "<group>";
		};
		D151384A2092EF4A000EF957 /* LaunchScreen.storyboard */ = {
			isa = PBXVariantGroup;
			children = (
				D151384B2092EF4A000EF957 /* Base */,
			);
			name = LaunchScreen.storyboard;
			sourceTree = "<group>";
		};
/* End PBXVariantGroup section */

/* Begin XCBuildConfiguration section */
		D151384E2092EF4A000EF957 /* Debug */ = {
			isa = XCBuildConfiguration;
			buildSettings = {
				ALWAYS_SEARCH_USER_PATHS = NO;
				CLANG_ANALYZER_NONNULL = YES;
				CLANG_ANALYZER_NUMBER_OBJECT_CONVERSION = YES_AGGRESSIVE;
				CLANG_CXX_LANGUAGE_STANDARD = "gnu++14";
				CLANG_CXX_LIBRARY = "libc++";
				CLANG_ENABLE_MODULES = YES;
				CLANG_ENABLE_OBJC_ARC = YES;
				CLANG_ENABLE_OBJC_WEAK = YES;
				CLANG_WARN_BLOCK_CAPTURE_AUTORELEASING = YES;
				CLANG_WARN_BOOL_CONVERSION = YES;
				CLANG_WARN_COMMA = YES;
				CLANG_WARN_CONSTANT_CONVERSION = YES;
				CLANG_WARN_DEPRECATED_OBJC_IMPLEMENTATIONS = YES;
				CLANG_WARN_DIRECT_OBJC_ISA_USAGE = YES_ERROR;
				CLANG_WARN_DOCUMENTATION_COMMENTS = YES;
				CLANG_WARN_EMPTY_BODY = YES;
				CLANG_WARN_ENUM_CONVERSION = YES;
				CLANG_WARN_INFINITE_RECURSION = YES;
				CLANG_WARN_INT_CONVERSION = YES;
				CLANG_WARN_NON_LITERAL_NULL_CONVERSION = YES;
				CLANG_WARN_OBJC_IMPLICIT_RETAIN_SELF = YES;
				CLANG_WARN_OBJC_LITERAL_CONVERSION = YES;
				CLANG_WARN_OBJC_ROOT_CLASS = YES_ERROR;
				CLANG_WARN_RANGE_LOOP_ANALYSIS = YES;
				CLANG_WARN_STRICT_PROTOTYPES = YES;
				CLANG_WARN_SUSPICIOUS_MOVE = YES;
				CLANG_WARN_UNGUARDED_AVAILABILITY = YES_AGGRESSIVE;
				CLANG_WARN_UNREACHABLE_CODE = YES;
				CLANG_WARN__DUPLICATE_METHOD_MATCH = YES;
				CODE_SIGN_IDENTITY = "iPhone Developer";
				COPY_PHASE_STRIP = NO;
				DEBUG_INFORMATION_FORMAT = dwarf;
				ENABLE_STRICT_OBJC_MSGSEND = YES;
				ENABLE_TESTABILITY = YES;
				GCC_C_LANGUAGE_STANDARD = gnu11;
				GCC_DYNAMIC_NO_PIC = NO;
				GCC_NO_COMMON_BLOCKS = YES;
				GCC_OPTIMIZATION_LEVEL = 0;
				GCC_PREPROCESSOR_DEFINITIONS = (
					"DEBUG=1",
					"$(inherited)",
				);
				GCC_WARN_64_TO_32_BIT_CONVERSION = YES;
				GCC_WARN_ABOUT_RETURN_TYPE = YES_ERROR;
				GCC_WARN_UNDECLARED_SELECTOR = YES;
				GCC_WARN_UNINITIALIZED_AUTOS = YES_AGGRESSIVE;
				GCC_WARN_UNUSED_FUNCTION = YES;
				GCC_WARN_UNUSED_VARIABLE = YES;
				IPHONEOS_DEPLOYMENT_TARGET = 11.3;
				MTL_ENABLE_DEBUG_INFO = YES;
				ONLY_ACTIVE_ARCH = YES;
				SDKROOT = iphoneos;
				SWIFT_ACTIVE_COMPILATION_CONDITIONS = DEBUG;
				SWIFT_OPTIMIZATION_LEVEL = "-Onone";
			};
			name = Debug;
		};
		D151384F2092EF4A000EF957 /* Release */ = {
			isa = XCBuildConfiguration;
			buildSettings = {
				ALWAYS_SEARCH_USER_PATHS = NO;
				CLANG_ANALYZER_NONNULL = YES;
				CLANG_ANALYZER_NUMBER_OBJECT_CONVERSION = YES_AGGRESSIVE;
				CLANG_CXX_LANGUAGE_STANDARD = "gnu++14";
				CLANG_CXX_LIBRARY = "libc++";
				CLANG_ENABLE_MODULES = YES;
				CLANG_ENABLE_OBJC_ARC = YES;
				CLANG_ENABLE_OBJC_WEAK = YES;
				CLANG_WARN_BLOCK_CAPTURE_AUTORELEASING = YES;
				CLANG_WARN_BOOL_CONVERSION = YES;
				CLANG_WARN_COMMA = YES;
				CLANG_WARN_CONSTANT_CONVERSION = YES;
				CLANG_WARN_DEPRECATED_OBJC_IMPLEMENTATIONS = YES;
				CLANG_WARN_DIRECT_OBJC_ISA_USAGE = YES_ERROR;
				CLANG_WARN_DOCUMENTATION_COMMENTS = YES;
				CLANG_WARN_EMPTY_BODY = YES;
				CLANG_WARN_ENUM_CONVERSION = YES;
				CLANG_WARN_INFINITE_RECURSION = YES;
				CLANG_WARN_INT_CONVERSION = YES;
				CLANG_WARN_NON_LITERAL_NULL_CONVERSION = YES;
				CLANG_WARN_OBJC_IMPLICIT_RETAIN_SELF = YES;
				CLANG_WARN_OBJC_LITERAL_CONVERSION = YES;
				CLANG_WARN_OBJC_ROOT_CLASS = YES_ERROR;
				CLANG_WARN_RANGE_LOOP_ANALYSIS = YES;
				CLANG_WARN_STRICT_PROTOTYPES = YES;
				CLANG_WARN_SUSPICIOUS_MOVE = YES;
				CLANG_WARN_UNGUARDED_AVAILABILITY = YES_AGGRESSIVE;
				CLANG_WARN_UNREACHABLE_CODE = YES;
				CLANG_WARN__DUPLICATE_METHOD_MATCH = YES;
				CODE_SIGN_IDENTITY = "iPhone Developer";
				COPY_PHASE_STRIP = NO;
				DEBUG_INFORMATION_FORMAT = "dwarf-with-dsym";
				ENABLE_NS_ASSERTIONS = NO;
				ENABLE_STRICT_OBJC_MSGSEND = YES;
				GCC_C_LANGUAGE_STANDARD = gnu11;
				GCC_NO_COMMON_BLOCKS = YES;
				GCC_WARN_64_TO_32_BIT_CONVERSION = YES;
				GCC_WARN_ABOUT_RETURN_TYPE = YES_ERROR;
				GCC_WARN_UNDECLARED_SELECTOR = YES;
				GCC_WARN_UNINITIALIZED_AUTOS = YES_AGGRESSIVE;
				GCC_WARN_UNUSED_FUNCTION = YES;
				GCC_WARN_UNUSED_VARIABLE = YES;
				IPHONEOS_DEPLOYMENT_TARGET = 11.3;
				MTL_ENABLE_DEBUG_INFO = NO;
				SDKROOT = iphoneos;
				SWIFT_COMPILATION_MODE = wholemodule;
				SWIFT_OPTIMIZATION_LEVEL = "-O";
				VALIDATE_PRODUCT = YES;
			};
			name = Release;
		};
		D15138512092EF4A000EF957 /* Debug */ = {
			isa = XCBuildConfiguration;
			buildSettings = {
				ASSETCATALOG_COMPILER_APPICON_NAME = AppIcon;
				CLANG_ENABLE_MODULES = YES;
				CODE_SIGN_STYLE = Automatic;
				DEVELOPMENT_TEAM = MF5828SVH4;
				INFOPLIST_FILE = FXHDemo/Info.plist;
				LD_RUNPATH_SEARCH_PATHS = (
					"$(inherited)",
					"@executable_path/Frameworks",
				);
				PRODUCT_BUNDLE_IDENTIFIER = com.haiqu.swift.test.FXHDemo;
				PRODUCT_NAME = "$(TARGET_NAME)";
				SWIFT_OBJC_BRIDGING_HEADER = "FXHDemo/FXHDemo-Bridging-Header.h";
				SWIFT_OPTIMIZATION_LEVEL = "-Onone";
				SWIFT_VERSION = 4.0;
				TARGETED_DEVICE_FAMILY = "1,2";
			};
			name = Debug;
		};
		D15138522092EF4A000EF957 /* Release */ = {
			isa = XCBuildConfiguration;
			buildSettings = {
				ASSETCATALOG_COMPILER_APPICON_NAME = AppIcon;
				CLANG_ENABLE_MODULES = YES;
				CODE_SIGN_STYLE = Automatic;
				DEVELOPMENT_TEAM = MF5828SVH4;
				INFOPLIST_FILE = FXHDemo/Info.plist;
				LD_RUNPATH_SEARCH_PATHS = (
					"$(inherited)",
					"@executable_path/Frameworks",
				);
				PRODUCT_BUNDLE_IDENTIFIER = com.haiqu.swift.test.FXHDemo;
				PRODUCT_NAME = "$(TARGET_NAME)";
				SWIFT_OBJC_BRIDGING_HEADER = "FXHDemo/FXHDemo-Bridging-Header.h";
				SWIFT_VERSION = 4.0;
				TARGETED_DEVICE_FAMILY = "1,2";
			};
			name = Release;
		};
/* End XCBuildConfiguration section */

/* Begin XCConfigurationList section */
		D15138392092EF49000EF957 /* Build configuration list for PBXProject "FXHDemo" */ = {
			isa = XCConfigurationList;
			buildConfigurations = (
				D151384E2092EF4A000EF957 /* Debug */,
				D151384F2092EF4A000EF957 /* Release */,
			);
			defaultConfigurationIsVisible = 0;
			defaultConfigurationName = Release;
		};
		D15138502092EF4A000EF957 /* Build configuration list for PBXNativeTarget "FXHDemo" */ = {
			isa = XCConfigurationList;
			buildConfigurations = (
				D15138512092EF4A000EF957 /* Debug */,
				D15138522092EF4A000EF957 /* Release */,
			);
			defaultConfigurationIsVisible = 0;
			defaultConfigurationName = Release;
		};
/* End XCConfigurationList section */
	};
	rootObject = D15138362092EF49000EF957 /* Project object */;
}
